{
  "name": "@tonygo/clix",
  "version": "0.0.0",
  "lockfileVersion": 2,
  "requires": true,
  "packages": {
    "": {
      "name": "@tonygo/clix",
      "version": "0.0.0",
      "license": "MIT",
      "devDependencies": {
        "@napi-rs/cli": "^2.3.0"
      },
      "engines": {
        "node": ">= 10"
      }
    },
    "node_modules/@napi-rs/cli": {
      "version": "2.3.0",
      "resolved": "https://registry.npmjs.org/@napi-rs/cli/-/cli-2.3.0.tgz",
      "integrity": "sha512-sDhyEuUVmgQvm37teoHgJP07+XJy57jfbnDBFVrgOw/+vbr/6yhcn68R3oYxxNLkp3+d57ChVyHxglEFJ6j4Hg==",
      "dev": true,
      "bin": {
        "napi": "scripts/index.js"
      },
      "engines": {
        "node": ">= 10"
      },
      "funding": {
        "type": "github",
        "url": "https://github.com/sponsors/Brooooooklyn"
      }
    }
  },
  "dependencies": {
    "@napi-rs/cli": {
      "version": "2.3.0",
      "resolved": "https://registry.npmjs.org/@napi-rs/cli/-/cli-2.3.0.tgz",
      "integrity": "sha512-sDhyEuUVmgQvm37teoHgJP07+XJy57jfbnDBFVrgOw/+vbr/6yhcn68R3oYxxNLkp3+d57ChVyHxglEFJ6j4Hg==",
      "dev": true
    }
  }
}
